
Microsoft Visual Studio Solution File, Format Version 12.00
# Visual Studio Express 14 for Web
VisualStudioVersion = 14.0.23107.0
MinimumVisualStudioVersion = 10.0.40219.1
Project("{888888A0-9F3D-457C-B088-3A5042F75D52}") = "DatabaseFun", "DatabaseFun\DatabaseFun.pyproj", "{980B47A6-3620-4021-912A-9FE2D54B34EA}"
EndProject
Global
	GlobalSection(SolutionConfigurationPlatforms) = preSolution
		Debug|Any CPU = Debug|Any CPU
		Release|Any CPU = Release|Any CPU
	EndGlobalSection
	GlobalSection(ProjectConfigurationPlatforms) = postSolution
		{980B47A6-3620-4021-912A-9FE2D54B34EA}.Debug|Any CPU.ActiveCfg = Debug|Any CPU
		{980B47A6-3620-4021-912A-9FE2D54B34EA}.Debug|Any CPU.Build.0 = Debug|Any CPU
		{980B47A6-3620-4021-912A-9FE2D54B34EA}.Release|Any CPU.ActiveCfg = Release|Any CPU
		{980B47A6-3620-4021-912A-9FE2D54B34EA}.Release|Any CPU.Build.0 = Release|Any CPU
	EndGlobalSection
	GlobalSection(SolutionProperties) = preSolution
		HideSolutionNode = FALSE
	EndGlobalSection
EndGlobal
